
Microsoft Visual Studio Solution File, Format Version 11.00
# Visual Studio 2010
Project("{FAE04EC0-301F-11D3-BF4B-00C04F79EFBC}") = "GameTimer.Windows", "GameTimer.Windows.csproj", "{6B6D4188-5C03-4E16-923B-96FDBC85B91A}"
EndProject
Project("{FAE04EC0-301F-11D3-BF4B-00C04F79EFBC}") = "Lidgren.Network.Windows", "..\externals\MonoGame\ThirdParty\Lidgren.Network\Lidgren.Network.Windows.csproj", "{AE483C29-042E-4226-BA52-D247CE7676DA}"
EndProject
Project("{FAE04EC0-301F-11D3-BF4B-00C04F79EFBC}") = "MonoGame.Framework.WindowsGL", "..\externals\MonoGame\MonoGame.Framework\MonoGame.Framework.WindowsGL.csproj", "{7DE47032-A904-4C29-BD22-2D235E8D91BA}"
EndProject
Project("{FAE04EC0-301F-11D3-BF4B-00C04F79EFBC}") = "GameTimer.Tests", "..\Tests\GameTimer.Tests.csproj", "{19166C0A-4356-4843-98E4-4DE999F897CD}"
EndProject
Global
	GlobalSection(SolutionConfigurationPlatforms) = preSolution
		Debug|x86 = Debug|x86
		Release|x86 = Release|x86
	EndGlobalSection
	GlobalSection(ProjectConfigurationPlatforms) = postSolution
		{19166C0A-4356-4843-98E4-4DE999F897CD}.Debug|x86.ActiveCfg = Debug|Any CPU
		{19166C0A-4356-4843-98E4-4DE999F897CD}.Debug|x86.Build.0 = Debug|Any CPU
		{19166C0A-4356-4843-98E4-4DE999F897CD}.Release|x86.ActiveCfg = Release|Any CPU
		{19166C0A-4356-4843-98E4-4DE999F897CD}.Release|x86.Build.0 = Release|Any CPU
		{6B6D4188-5C03-4E16-923B-96FDBC85B91A}.Debug|x86.ActiveCfg = Debug|x86
		{6B6D4188-5C03-4E16-923B-96FDBC85B91A}.Debug|x86.Build.0 = Debug|x86
		{6B6D4188-5C03-4E16-923B-96FDBC85B91A}.Release|x86.ActiveCfg = Release|x86
		{6B6D4188-5C03-4E16-923B-96FDBC85B91A}.Release|x86.Build.0 = Release|x86
		{7DE47032-A904-4C29-BD22-2D235E8D91BA}.Debug|x86.ActiveCfg = Debug|x86
		{7DE47032-A904-4C29-BD22-2D235E8D91BA}.Debug|x86.Build.0 = Debug|x86
		{7DE47032-A904-4C29-BD22-2D235E8D91BA}.Release|x86.ActiveCfg = Release|x86
		{7DE47032-A904-4C29-BD22-2D235E8D91BA}.Release|x86.Build.0 = Release|x86
		{AE483C29-042E-4226-BA52-D247CE7676DA}.Debug|x86.ActiveCfg = Debug|Any CPU
		{AE483C29-042E-4226-BA52-D247CE7676DA}.Debug|x86.Build.0 = Debug|Any CPU
		{AE483C29-042E-4226-BA52-D247CE7676DA}.Release|x86.ActiveCfg = Release|Any CPU
		{AE483C29-042E-4226-BA52-D247CE7676DA}.Release|x86.Build.0 = Release|Any CPU
	EndGlobalSection
	GlobalSection(MonoDevelopProperties) = preSolution
		StartupItem = GameTimer.Windows.csproj
	EndGlobalSection
EndGlobal
