
Microsoft Visual Studio Solution File, Format Version 11.00
# Visual Studio 2010
Project("{FAE04EC0-301F-11D3-BF4B-00C04F79EFBC}") = "GameTimer.Windows", "GameTimer.Windows.csproj", "{6B6D4188-5C03-4E16-923B-96FDBC85B91A}"
EndProject
Global
	GlobalSection(SolutionConfigurationPlatforms) = preSolution
		Debug|x86 = Debug|x86
		Release|x86 = Release|x86
	EndGlobalSection
	GlobalSection(ProjectConfigurationPlatforms) = postSolution
		{6B6D4188-5C03-4E16-923B-96FDBC85B91A}.Debug|x86.ActiveCfg = Debug|x86
		{6B6D4188-5C03-4E16-923B-96FDBC85B91A}.Debug|x86.Build.0 = Debug|x86
		{6B6D4188-5C03-4E16-923B-96FDBC85B91A}.Release|x86.ActiveCfg = Release|x86
		{6B6D4188-5C03-4E16-923B-96FDBC85B91A}.Release|x86.Build.0 = Release|x86
	EndGlobalSection
	GlobalSection(MonoDevelopProperties) = preSolution
		StartupItem = GameTimer.Windows.csproj
	EndGlobalSection
EndGlobal
