
Microsoft Visual Studio Solution File, Format Version 12.00
# Visual Studio 14
VisualStudioVersion = 14.0.24720.0
MinimumVisualStudioVersion = 10.0.40219.1
Project("{FAE04EC0-301F-11D3-BF4B-00C04F79EFBC}") = "GameTimer.Android", "GameTimer.Android\GameTimer.Android.csproj", "{0C780B94-69C6-4FC7-AE90-E4011F13F4BC}"
EndProject
Project("{FAE04EC0-301F-11D3-BF4B-00C04F79EFBC}") = "GameTimer.WindowsGL", "GameTimer.WindowsGL\GameTimer.WindowsGL.csproj", "{E84AE3B7-8123-4A26-8225-6A56FDB1C1CF}"
EndProject
Project("{FAE04EC0-301F-11D3-BF4B-00C04F79EFBC}") = "GameTimer.Tests", "GameTimer.Tests\GameTimer.Tests.csproj", "{19166C0A-4356-4843-98E4-4DE999F897CD}"
EndProject
Global
	GlobalSection(SolutionConfigurationPlatforms) = preSolution
		Debug|Any CPU = Debug|Any CPU
		Release|Any CPU = Release|Any CPU
	EndGlobalSection
	GlobalSection(ProjectConfigurationPlatforms) = postSolution
		{0C780B94-69C6-4FC7-AE90-E4011F13F4BC}.Debug|Any CPU.ActiveCfg = Debug|Any CPU
		{0C780B94-69C6-4FC7-AE90-E4011F13F4BC}.Debug|Any CPU.Build.0 = Debug|Any CPU
		{0C780B94-69C6-4FC7-AE90-E4011F13F4BC}.Release|Any CPU.ActiveCfg = Release|Any CPU
		{0C780B94-69C6-4FC7-AE90-E4011F13F4BC}.Release|Any CPU.Build.0 = Release|Any CPU
		{E84AE3B7-8123-4A26-8225-6A56FDB1C1CF}.Debug|Any CPU.ActiveCfg = Debug|Any CPU
		{E84AE3B7-8123-4A26-8225-6A56FDB1C1CF}.Debug|Any CPU.Build.0 = Debug|Any CPU
		{E84AE3B7-8123-4A26-8225-6A56FDB1C1CF}.Release|Any CPU.ActiveCfg = Release|Any CPU
		{E84AE3B7-8123-4A26-8225-6A56FDB1C1CF}.Release|Any CPU.Build.0 = Release|Any CPU
		{19166C0A-4356-4843-98E4-4DE999F897CD}.Debug|Any CPU.ActiveCfg = Debug|Any CPU
		{19166C0A-4356-4843-98E4-4DE999F897CD}.Debug|Any CPU.Build.0 = Debug|Any CPU
		{19166C0A-4356-4843-98E4-4DE999F897CD}.Release|Any CPU.ActiveCfg = Release|Any CPU
		{19166C0A-4356-4843-98E4-4DE999F897CD}.Release|Any CPU.Build.0 = Release|Any CPU
	EndGlobalSection
	GlobalSection(SolutionProperties) = preSolution
		HideSolutionNode = FALSE
	EndGlobalSection
EndGlobal
